
Microsoft Visual Studio Solution File, Format Version 12.00
# Visual Studio 15
VisualStudioVersion = 15.0.28307.421
MinimumVisualStudioVersion = 10.0.40219.1
Project("{FAE04EC0-301F-11D3-BF4B-00C04F79EFBC}") = "AspMvcLearn", "AspMvcLearn\AspMvcLearn.csproj", "{B6378749-FA6F-456F-B6D7-A9DDC14E9DE3}"
EndProject
Global
	GlobalSection(SolutionConfigurationPlatforms) = preSolution
		Debug|Any CPU = Debug|Any CPU
		Release|Any CPU = Release|Any CPU
	EndGlobalSection
	GlobalSection(ProjectConfigurationPlatforms) = postSolution
		{B6378749-FA6F-456F-B6D7-A9DDC14E9DE3}.Debug|Any CPU.ActiveCfg = Debug|Any CPU
		{B6378749-FA6F-456F-B6D7-A9DDC14E9DE3}.Debug|Any CPU.Build.0 = Debug|Any CPU
		{B6378749-FA6F-456F-B6D7-A9DDC14E9DE3}.Release|Any CPU.ActiveCfg = Release|Any CPU
		{B6378749-FA6F-456F-B6D7-A9DDC14E9DE3}.Release|Any CPU.Build.0 = Release|Any CPU
	EndGlobalSection
	GlobalSection(SolutionProperties) = preSolution
		HideSolutionNode = FALSE
	EndGlobalSection
	GlobalSection(ExtensibilityGlobals) = postSolution
		SolutionGuid = {B831A1D7-749D-4413-BF4A-189E0CB13ECB}
	EndGlobalSection
EndGlobal
